
Microsoft Visual Studio Solution File, Format Version 12.00
# Visual Studio Version 17
VisualStudioVersion = 17.0.31903.59
MinimumVisualStudioVersion = 10.0.40219.1
Project("{2150E333-8FDC-42A3-9474-1A3956D46DE8}") = "src", "src", "{827E0CD3-B72D-47B6-A68D-7590B98EB39B}"
EndProject
Project("{2150E333-8FDC-42A3-9474-1A3956D46DE8}") = "Services", "Services", "{984BB9B3-3FA3-BE33-9484-CAC21695A33C}"
EndProject
Project("{FAE04EC0-301F-11D3-BF4B-00C04F79EFBC}") = "HeroSSID.AppHost", "src\Services\HeroSSID.AppHost\HeroSSID.AppHost.csproj", "{AC6D472A-AF3E-472D-A861-9D54E7CF4DEE}"
EndProject
Project("{2150E333-8FDC-42A3-9474-1A3956D46DE8}") = "Cli", "Cli", "{778427DF-EB2C-5228-964E-6D535DE253CA}"
EndProject
Project("{FAE04EC0-301F-11D3-BF4B-00C04F79EFBC}") = "HeroSSID.Cli", "src\Cli\HeroSSID.Cli\HeroSSID.Cli.csproj", "{6F3B22DD-F4A9-4E4C-B951-DA1348B61FFE}"
EndProject
Project("{2150E333-8FDC-42A3-9474-1A3956D46DE8}") = "tests", "tests", "{0AB3BF05-4346-4AA6-1389-037BE0695223}"
EndProject
Project("{2150E333-8FDC-42A3-9474-1A3956D46DE8}") = "Integration", "Integration", "{28A6993C-471E-82FE-7D9E-AD3B1EC22BD9}"
EndProject
Project("{FAE04EC0-301F-11D3-BF4B-00C04F79EFBC}") = "HeroSSID.Integration.Tests", "tests\Integration\HeroSSID.Integration.Tests\HeroSSID.Integration.Tests.csproj", "{13270888-1ED6-47C6-A467-A024FB72A3FB}"
EndProject
Project("{2150E333-8FDC-42A3-9474-1A3956D46DE8}") = "Unit", "Unit", "{9D556B49-86D1-93A7-9596-FFAAB74EC556}"
EndProject
Project("{FAE04EC0-301F-11D3-BF4B-00C04F79EFBC}") = "HeroSSID.Unit.Tests", "tests\Unit\HeroSSID.Unit.Tests\HeroSSID.Unit.Tests.csproj", "{B01B631E-9BA0-4786-9DD9-D0D52D8E665C}"
EndProject
Project("{2150E333-8FDC-42A3-9474-1A3956D46DE8}") = "Libraries", "Libraries", "{5E7EC0AF-E837-5B7A-FB41-A4DCCA877D1F}"
EndProject
Project("{FAE04EC0-301F-11D3-BF4B-00C04F79EFBC}") = "HeroSSID.Core", "src\Libraries\HeroSSID.Core\HeroSSID.Core.csproj", "{62888458-51FE-44DF-AE66-CABACC5AFD4B}"
EndProject
Project("{2150E333-8FDC-42A3-9474-1A3956D46DE8}") = "Shared", "Shared", "{C8E42992-5E42-0C2B-DBFE-AA848D06431C}"
EndProject
Project("{FAE04EC0-301F-11D3-BF4B-00C04F79EFBC}") = "HeroSSID.Contracts", "src\Shared\HeroSSID.Contracts\HeroSSID.Contracts.csproj", "{372F8448-D996-44FF-8446-60CD1DAD2EF0}"
EndProject
Project("{FAE04EC0-301F-11D3-BF4B-00C04F79EFBC}") = "HeroSSID.Data", "src\Libraries\HeroSSID.Data\HeroSSID.Data.csproj", "{0C9C8A4E-EEE6-486D-A5D9-CBA5A6744D11}"
EndProject
Project("{FAE04EC0-301F-11D3-BF4B-00C04F79EFBC}") = "HeroSSID.Observability", "src\Libraries\HeroSSID.Observability\HeroSSID.Observability.csproj", "{7147FC6C-8009-47ED-84A7-31318A9F1AC0}"
EndProject
Project("{FAE04EC0-301F-11D3-BF4B-00C04F79EFBC}") = "HeroSSID.DidOperations", "src\Libraries\HeroSSID.DidOperations\HeroSSID.DidOperations.csproj", "{C1A394D8-E41F-4E04-9E4C-02AE97A5B059}"
EndProject
Project("{2150E333-8FDC-42A3-9474-1A3956D46DE8}") = "Contract", "Contract", "{53506FF3-1087-91DB-5731-19A6F3C92276}"
EndProject
Project("{FAE04EC0-301F-11D3-BF4B-00C04F79EFBC}") = "HeroSSID.DidOperations.Contract.Tests", "tests\Contract\HeroSSID.DidOperations.Contract.Tests\HeroSSID.DidOperations.Contract.Tests.csproj", "{3DF21DFB-CF03-431C-A3C4-8BA6B5E56BD1}"
EndProject
Project("{FAE04EC0-301F-11D3-BF4B-00C04F79EFBC}") = "HeroSSID.DidOperations.Tests", "tests\Unit\HeroSSID.DidOperations.Tests\HeroSSID.DidOperations.Tests.csproj", "{EE104D91-C43E-4C30-BE36-04B755C41F62}"
EndProject
Project("{FAE04EC0-301F-11D3-BF4B-00C04F79EFBC}") = "HeroSSID.Data.Tests", "tests\Unit\HeroSSID.Data.Tests\HeroSSID.Data.Tests.csproj", "{7AD07D7A-4218-4E58-BCC5-6C59B03C6FEE}"
EndProject
Project("{FAE04EC0-301F-11D3-BF4B-00C04F79EFBC}") = "HeroSSID.Credentials", "src\Libraries\HeroSSID.Credentials\HeroSSID.Credentials.csproj", "{29255028-D175-4029-92C4-BC4EDF4B8DC5}"
EndProject
Project("{FAE04EC0-301F-11D3-BF4B-00C04F79EFBC}") = "HeroSSID.Credentials.Tests", "tests\Unit\HeroSSID.Credentials.Tests\HeroSSID.Credentials.Tests.csproj", "{7D69CEB8-9096-464D-99AB-F051062F0C3F}"
EndProject
Project("{FAE04EC0-301F-11D3-BF4B-00C04F79EFBC}") = "HeroSSID.Api", "src\Services\HeroSSID.Api\HeroSSID.Api.csproj", "{5A7AAC1D-559B-490D-AC71-C25A7D25F4AF}"
EndProject
Project("{FAE04EC0-301F-11D3-BF4B-00C04F79EFBC}") = "HeroSSID.OAuth", "src\Libraries\HeroSSID.OAuth\HeroSSID.OAuth.csproj", "{902C5207-B89F-45CC-B8B2-15AA29202544}"
EndProject
Project("{FAE04EC0-301F-11D3-BF4B-00C04F79EFBC}") = "HeroSSID.Api.Tests", "tests\Unit\HeroSSID.Api.Tests\HeroSSID.Api.Tests.csproj", "{FB27D33A-653F-464A-B785-9EFDCDB1315C}"
EndProject
Project("{FAE04EC0-301F-11D3-BF4B-00C04F79EFBC}") = "HeroSSID.OAuth.Tests", "tests\Unit\HeroSSID.OAuth.Tests\HeroSSID.OAuth.Tests.csproj", "{3209755C-8D20-4DAA-B095-044516388F02}"
EndProject
Project("{FAE04EC0-301F-11D3-BF4B-00C04F79EFBC}") = "HeroSSID.OpenID4VC.Contract.Tests", "tests\Contract\HeroSSID.OpenID4VC.Contract.Tests\HeroSSID.OpenID4VC.Contract.Tests.csproj", "{E55F396D-9B9A-4DDA-8713-C831653D5304}"
EndProject
Global
	GlobalSection(SolutionConfigurationPlatforms) = preSolution
		Debug|Any CPU = Debug|Any CPU
		Debug|x64 = Debug|x64
		Debug|x86 = Debug|x86
		Release|Any CPU = Release|Any CPU
		Release|x64 = Release|x64
		Release|x86 = Release|x86
	EndGlobalSection
	GlobalSection(ProjectConfigurationPlatforms) = postSolution
		{AC6D472A-AF3E-472D-A861-9D54E7CF4DEE}.Debug|Any CPU.ActiveCfg = Debug|Any CPU
		{AC6D472A-AF3E-472D-A861-9D54E7CF4DEE}.Debug|Any CPU.Build.0 = Debug|Any CPU
		{AC6D472A-AF3E-472D-A861-9D54E7CF4DEE}.Debug|x64.ActiveCfg = Debug|Any CPU
		{AC6D472A-AF3E-472D-A861-9D54E7CF4DEE}.Debug|x64.Build.0 = Debug|Any CPU
		{AC6D472A-AF3E-472D-A861-9D54E7CF4DEE}.Debug|x86.ActiveCfg = Debug|Any CPU
		{AC6D472A-AF3E-472D-A861-9D54E7CF4DEE}.Debug|x86.Build.0 = Debug|Any CPU
		{AC6D472A-AF3E-472D-A861-9D54E7CF4DEE}.Release|Any CPU.ActiveCfg = Release|Any CPU
		{AC6D472A-AF3E-472D-A861-9D54E7CF4DEE}.Release|Any CPU.Build.0 = Release|Any CPU
		{AC6D472A-AF3E-472D-A861-9D54E7CF4DEE}.Release|x64.ActiveCfg = Release|Any CPU
		{AC6D472A-AF3E-472D-A861-9D54E7CF4DEE}.Release|x64.Build.0 = Release|Any CPU
		{AC6D472A-AF3E-472D-A861-9D54E7CF4DEE}.Release|x86.ActiveCfg = Release|Any CPU
		{AC6D472A-AF3E-472D-A861-9D54E7CF4DEE}.Release|x86.Build.0 = Release|Any CPU
		{6F3B22DD-F4A9-4E4C-B951-DA1348B61FFE}.Debug|Any CPU.ActiveCfg = Debug|Any CPU
		{6F3B22DD-F4A9-4E4C-B951-DA1348B61FFE}.Debug|Any CPU.Build.0 = Debug|Any CPU
		{6F3B22DD-F4A9-4E4C-B951-DA1348B61FFE}.Debug|x64.ActiveCfg = Debug|Any CPU
		{6F3B22DD-F4A9-4E4C-B951-DA1348B61FFE}.Debug|x64.Build.0 = Debug|Any CPU
		{6F3B22DD-F4A9-4E4C-B951-DA1348B61FFE}.Debug|x86.ActiveCfg = Debug|Any CPU
		{6F3B22DD-F4A9-4E4C-B951-DA1348B61FFE}.Debug|x86.Build.0 = Debug|Any CPU
		{6F3B22DD-F4A9-4E4C-B951-DA1348B61FFE}.Release|Any CPU.ActiveCfg = Release|Any CPU
		{6F3B22DD-F4A9-4E4C-B951-DA1348B61FFE}.Release|Any CPU.Build.0 = Release|Any CPU
		{6F3B22DD-F4A9-4E4C-B951-DA1348B61FFE}.Release|x64.ActiveCfg = Release|Any CPU
		{6F3B22DD-F4A9-4E4C-B951-DA1348B61FFE}.Release|x64.Build.0 = Release|Any CPU
		{6F3B22DD-F4A9-4E4C-B951-DA1348B61FFE}.Release|x86.ActiveCfg = Release|Any CPU
		{6F3B22DD-F4A9-4E4C-B951-DA1348B61FFE}.Release|x86.Build.0 = Release|Any CPU
		{13270888-1ED6-47C6-A467-A024FB72A3FB}.Debug|Any CPU.ActiveCfg = Debug|Any CPU
		{13270888-1ED6-47C6-A467-A024FB72A3FB}.Debug|Any CPU.Build.0 = Debug|Any CPU
		{13270888-1ED6-47C6-A467-A024FB72A3FB}.Debug|x64.ActiveCfg = Debug|Any CPU
		{13270888-1ED6-47C6-A467-A024FB72A3FB}.Debug|x64.Build.0 = Debug|Any CPU
		{13270888-1ED6-47C6-A467-A024FB72A3FB}.Debug|x86.ActiveCfg = Debug|Any CPU
		{13270888-1ED6-47C6-A467-A024FB72A3FB}.Debug|x86.Build.0 = Debug|Any CPU
		{13270888-1ED6-47C6-A467-A024FB72A3FB}.Release|Any CPU.ActiveCfg = Release|Any CPU
		{13270888-1ED6-47C6-A467-A024FB72A3FB}.Release|Any CPU.Build.0 = Release|Any CPU
		{13270888-1ED6-47C6-A467-A024FB72A3FB}.Release|x64.ActiveCfg = Release|Any CPU
		{13270888-1ED6-47C6-A467-A024FB72A3FB}.Release|x64.Build.0 = Release|Any CPU
		{13270888-1ED6-47C6-A467-A024FB72A3FB}.Release|x86.ActiveCfg = Release|Any CPU
		{13270888-1ED6-47C6-A467-A024FB72A3FB}.Release|x86.Build.0 = Release|Any CPU
		{B01B631E-9BA0-4786-9DD9-D0D52D8E665C}.Debug|Any CPU.ActiveCfg = Debug|Any CPU
		{B01B631E-9BA0-4786-9DD9-D0D52D8E665C}.Debug|Any CPU.Build.0 = Debug|Any CPU
		{B01B631E-9BA0-4786-9DD9-D0D52D8E665C}.Debug|x64.ActiveCfg = Debug|Any CPU
		{B01B631E-9BA0-4786-9DD9-D0D52D8E665C}.Debug|x64.Build.0 = Debug|Any CPU
		{B01B631E-9BA0-4786-9DD9-D0D52D8E665C}.Debug|x86.ActiveCfg = Debug|Any CPU
		{B01B631E-9BA0-4786-9DD9-D0D52D8E665C}.Debug|x86.Build.0 = Debug|Any CPU
		{B01B631E-9BA0-4786-9DD9-D0D52D8E665C}.Release|Any CPU.ActiveCfg = Release|Any CPU
		{B01B631E-9BA0-4786-9DD9-D0D52D8E665C}.Release|Any CPU.Build.0 = Release|Any CPU
		{B01B631E-9BA0-4786-9DD9-D0D52D8E665C}.Release|x64.ActiveCfg = Release|Any CPU
		{B01B631E-9BA0-4786-9DD9-D0D52D8E665C}.Release|x64.Build.0 = Release|Any CPU
		{B01B631E-9BA0-4786-9DD9-D0D52D8E665C}.Release|x86.ActiveCfg = Release|Any CPU
		{B01B631E-9BA0-4786-9DD9-D0D52D8E665C}.Release|x86.Build.0 = Release|Any CPU
		{62888458-51FE-44DF-AE66-CABACC5AFD4B}.Debug|Any CPU.ActiveCfg = Debug|Any CPU
		{62888458-51FE-44DF-AE66-CABACC5AFD4B}.Debug|Any CPU.Build.0 = Debug|Any CPU
		{62888458-51FE-44DF-AE66-CABACC5AFD4B}.Debug|x64.ActiveCfg = Debug|Any CPU
		{62888458-51FE-44DF-AE66-CABACC5AFD4B}.Debug|x64.Build.0 = Debug|Any CPU
		{62888458-51FE-44DF-AE66-CABACC5AFD4B}.Debug|x86.ActiveCfg = Debug|Any CPU
		{62888458-51FE-44DF-AE66-CABACC5AFD4B}.Debug|x86.Build.0 = Debug|Any CPU
		{62888458-51FE-44DF-AE66-CABACC5AFD4B}.Release|Any CPU.ActiveCfg = Release|Any CPU
		{62888458-51FE-44DF-AE66-CABACC5AFD4B}.Release|Any CPU.Build.0 = Release|Any CPU
		{62888458-51FE-44DF-AE66-CABACC5AFD4B}.Release|x64.ActiveCfg = Release|Any CPU
		{62888458-51FE-44DF-AE66-CABACC5AFD4B}.Release|x64.Build.0 = Release|Any CPU
		{62888458-51FE-44DF-AE66-CABACC5AFD4B}.Release|x86.ActiveCfg = Release|Any CPU
		{62888458-51FE-44DF-AE66-CABACC5AFD4B}.Release|x86.Build.0 = Release|Any CPU
		{372F8448-D996-44FF-8446-60CD1DAD2EF0}.Debug|Any CPU.ActiveCfg = Debug|Any CPU
		{372F8448-D996-44FF-8446-60CD1DAD2EF0}.Debug|Any CPU.Build.0 = Debug|Any CPU
		{372F8448-D996-44FF-8446-60CD1DAD2EF0}.Debug|x64.ActiveCfg = Debug|Any CPU
		{372F8448-D996-44FF-8446-60CD1DAD2EF0}.Debug|x64.Build.0 = Debug|Any CPU
		{372F8448-D996-44FF-8446-60CD1DAD2EF0}.Debug|x86.ActiveCfg = Debug|Any CPU
		{372F8448-D996-44FF-8446-60CD1DAD2EF0}.Debug|x86.Build.0 = Debug|Any CPU
		{372F8448-D996-44FF-8446-60CD1DAD2EF0}.Release|Any CPU.ActiveCfg = Release|Any CPU
		{372F8448-D996-44FF-8446-60CD1DAD2EF0}.Release|Any CPU.Build.0 = Release|Any CPU
		{372F8448-D996-44FF-8446-60CD1DAD2EF0}.Release|x64.ActiveCfg = Release|Any CPU
		{372F8448-D996-44FF-8446-60CD1DAD2EF0}.Release|x64.Build.0 = Release|Any CPU
		{372F8448-D996-44FF-8446-60CD1DAD2EF0}.Release|x86.ActiveCfg = Release|Any CPU
		{372F8448-D996-44FF-8446-60CD1DAD2EF0}.Release|x86.Build.0 = Release|Any CPU
		{0C9C8A4E-EEE6-486D-A5D9-CBA5A6744D11}.Debug|Any CPU.ActiveCfg = Debug|Any CPU
		{0C9C8A4E-EEE6-486D-A5D9-CBA5A6744D11}.Debug|Any CPU.Build.0 = Debug|Any CPU
		{0C9C8A4E-EEE6-486D-A5D9-CBA5A6744D11}.Debug|x64.ActiveCfg = Debug|Any CPU
		{0C9C8A4E-EEE6-486D-A5D9-CBA5A6744D11}.Debug|x64.Build.0 = Debug|Any CPU
		{0C9C8A4E-EEE6-486D-A5D9-CBA5A6744D11}.Debug|x86.ActiveCfg = Debug|Any CPU
		{0C9C8A4E-EEE6-486D-A5D9-CBA5A6744D11}.Debug|x86.Build.0 = Debug|Any CPU
		{0C9C8A4E-EEE6-486D-A5D9-CBA5A6744D11}.Release|Any CPU.ActiveCfg = Release|Any CPU
		{0C9C8A4E-EEE6-486D-A5D9-CBA5A6744D11}.Release|Any CPU.Build.0 = Release|Any CPU
		{0C9C8A4E-EEE6-486D-A5D9-CBA5A6744D11}.Release|x64.ActiveCfg = Release|Any CPU
		{0C9C8A4E-EEE6-486D-A5D9-CBA5A6744D11}.Release|x64.Build.0 = Release|Any CPU
		{0C9C8A4E-EEE6-486D-A5D9-CBA5A6744D11}.Release|x86.ActiveCfg = Release|Any CPU
		{0C9C8A4E-EEE6-486D-A5D9-CBA5A6744D11}.Release|x86.Build.0 = Release|Any CPU
		{7147FC6C-8009-47ED-84A7-31318A9F1AC0}.Debug|Any CPU.ActiveCfg = Debug|Any CPU
		{7147FC6C-8009-47ED-84A7-31318A9F1AC0}.Debug|Any CPU.Build.0 = Debug|Any CPU
		{7147FC6C-8009-47ED-84A7-31318A9F1AC0}.Debug|x64.ActiveCfg = Debug|Any CPU
		{7147FC6C-8009-47ED-84A7-31318A9F1AC0}.Debug|x64.Build.0 = Debug|Any CPU
		{7147FC6C-8009-47ED-84A7-31318A9F1AC0}.Debug|x86.ActiveCfg = Debug|Any CPU
		{7147FC6C-8009-47ED-84A7-31318A9F1AC0}.Debug|x86.Build.0 = Debug|Any CPU
		{7147FC6C-8009-47ED-84A7-31318A9F1AC0}.Release|Any CPU.ActiveCfg = Release|Any CPU
		{7147FC6C-8009-47ED-84A7-31318A9F1AC0}.Release|Any CPU.Build.0 = Release|Any CPU
		{7147FC6C-8009-47ED-84A7-31318A9F1AC0}.Release|x64.ActiveCfg = Release|Any CPU
		{7147FC6C-8009-47ED-84A7-31318A9F1AC0}.Release|x64.Build.0 = Release|Any CPU
		{7147FC6C-8009-47ED-84A7-31318A9F1AC0}.Release|x86.ActiveCfg = Release|Any CPU
		{7147FC6C-8009-47ED-84A7-31318A9F1AC0}.Release|x86.Build.0 = Release|Any CPU
		{C1A394D8-E41F-4E04-9E4C-02AE97A5B059}.Debug|Any CPU.ActiveCfg = Debug|Any CPU
		{C1A394D8-E41F-4E04-9E4C-02AE97A5B059}.Debug|Any CPU.Build.0 = Debug|Any CPU
		{C1A394D8-E41F-4E04-9E4C-02AE97A5B059}.Debug|x64.ActiveCfg = Debug|Any CPU
		{C1A394D8-E41F-4E04-9E4C-02AE97A5B059}.Debug|x64.Build.0 = Debug|Any CPU
		{C1A394D8-E41F-4E04-9E4C-02AE97A5B059}.Debug|x86.ActiveCfg = Debug|Any CPU
		{C1A394D8-E41F-4E04-9E4C-02AE97A5B059}.Debug|x86.Build.0 = Debug|Any CPU
		{C1A394D8-E41F-4E04-9E4C-02AE97A5B059}.Release|Any CPU.ActiveCfg = Release|Any CPU
		{C1A394D8-E41F-4E04-9E4C-02AE97A5B059}.Release|Any CPU.Build.0 = Release|Any CPU
		{C1A394D8-E41F-4E04-9E4C-02AE97A5B059}.Release|x64.ActiveCfg = Release|Any CPU
		{C1A394D8-E41F-4E04-9E4C-02AE97A5B059}.Release|x64.Build.0 = Release|Any CPU
		{C1A394D8-E41F-4E04-9E4C-02AE97A5B059}.Release|x86.ActiveCfg = Release|Any CPU
		{C1A394D8-E41F-4E04-9E4C-02AE97A5B059}.Release|x86.Build.0 = Release|Any CPU
		{3DF21DFB-CF03-431C-A3C4-8BA6B5E56BD1}.Debug|Any CPU.ActiveCfg = Debug|Any CPU
		{3DF21DFB-CF03-431C-A3C4-8BA6B5E56BD1}.Debug|Any CPU.Build.0 = Debug|Any CPU
		{3DF21DFB-CF03-431C-A3C4-8BA6B5E56BD1}.Debug|x64.ActiveCfg = Debug|Any CPU
		{3DF21DFB-CF03-431C-A3C4-8BA6B5E56BD1}.Debug|x64.Build.0 = Debug|Any CPU
		{3DF21DFB-CF03-431C-A3C4-8BA6B5E56BD1}.Debug|x86.ActiveCfg = Debug|Any CPU
		{3DF21DFB-CF03-431C-A3C4-8BA6B5E56BD1}.Debug|x86.Build.0 = Debug|Any CPU
		{3DF21DFB-CF03-431C-A3C4-8BA6B5E56BD1}.Release|Any CPU.ActiveCfg = Release|Any CPU
		{3DF21DFB-CF03-431C-A3C4-8BA6B5E56BD1}.Release|Any CPU.Build.0 = Release|Any CPU
		{3DF21DFB-CF03-431C-A3C4-8BA6B5E56BD1}.Release|x64.ActiveCfg = Release|Any CPU
		{3DF21DFB-CF03-431C-A3C4-8BA6B5E56BD1}.Release|x64.Build.0 = Release|Any CPU
		{3DF21DFB-CF03-431C-A3C4-8BA6B5E56BD1}.Release|x86.ActiveCfg = Release|Any CPU
		{3DF21DFB-CF03-431C-A3C4-8BA6B5E56BD1}.Release|x86.Build.0 = Release|Any CPU
		{EE104D91-C43E-4C30-BE36-04B755C41F62}.Debug|Any CPU.ActiveCfg = Debug|Any CPU
		{EE104D91-C43E-4C30-BE36-04B755C41F62}.Debug|Any CPU.Build.0 = Debug|Any CPU
		{EE104D91-C43E-4C30-BE36-04B755C41F62}.Debug|x64.ActiveCfg = Debug|Any CPU
		{EE104D91-C43E-4C30-BE36-04B755C41F62}.Debug|x64.Build.0 = Debug|Any CPU
		{EE104D91-C43E-4C30-BE36-04B755C41F62}.Debug|x86.ActiveCfg = Debug|Any CPU
		{EE104D91-C43E-4C30-BE36-04B755C41F62}.Debug|x86.Build.0 = Debug|Any CPU
		{EE104D91-C43E-4C30-BE36-04B755C41F62}.Release|Any CPU.ActiveCfg = Release|Any CPU
		{EE104D91-C43E-4C30-BE36-04B755C41F62}.Release|Any CPU.Build.0 = Release|Any CPU
		{EE104D91-C43E-4C30-BE36-04B755C41F62}.Release|x64.ActiveCfg = Release|Any CPU
		{EE104D91-C43E-4C30-BE36-04B755C41F62}.Release|x64.Build.0 = Release|Any CPU
		{EE104D91-C43E-4C30-BE36-04B755C41F62}.Release|x86.ActiveCfg = Release|Any CPU
		{EE104D91-C43E-4C30-BE36-04B755C41F62}.Release|x86.Build.0 = Release|Any CPU
		{7AD07D7A-4218-4E58-BCC5-6C59B03C6FEE}.Debug|Any CPU.ActiveCfg = Debug|Any CPU
		{7AD07D7A-4218-4E58-BCC5-6C59B03C6FEE}.Debug|Any CPU.Build.0 = Debug|Any CPU
		{7AD07D7A-4218-4E58-BCC5-6C59B03C6FEE}.Debug|x64.ActiveCfg = Debug|Any CPU
		{7AD07D7A-4218-4E58-BCC5-6C59B03C6FEE}.Debug|x64.Build.0 = Debug|Any CPU
		{7AD07D7A-4218-4E58-BCC5-6C59B03C6FEE}.Debug|x86.ActiveCfg = Debug|Any CPU
		{7AD07D7A-4218-4E58-BCC5-6C59B03C6FEE}.Debug|x86.Build.0 = Debug|Any CPU
		{7AD07D7A-4218-4E58-BCC5-6C59B03C6FEE}.Release|Any CPU.ActiveCfg = Release|Any CPU
		{7AD07D7A-4218-4E58-BCC5-6C59B03C6FEE}.Release|Any CPU.Build.0 = Release|Any CPU
		{7AD07D7A-4218-4E58-BCC5-6C59B03C6FEE}.Release|x64.ActiveCfg = Release|Any CPU
		{7AD07D7A-4218-4E58-BCC5-6C59B03C6FEE}.Release|x64.Build.0 = Release|Any CPU
		{7AD07D7A-4218-4E58-BCC5-6C59B03C6FEE}.Release|x86.ActiveCfg = Release|Any CPU
		{7AD07D7A-4218-4E58-BCC5-6C59B03C6FEE}.Release|x86.Build.0 = Release|Any CPU
		{29255028-D175-4029-92C4-BC4EDF4B8DC5}.Debug|Any CPU.ActiveCfg = Debug|Any CPU
		{29255028-D175-4029-92C4-BC4EDF4B8DC5}.Debug|Any CPU.Build.0 = Debug|Any CPU
		{29255028-D175-4029-92C4-BC4EDF4B8DC5}.Debug|x64.ActiveCfg = Debug|Any CPU
		{29255028-D175-4029-92C4-BC4EDF4B8DC5}.Debug|x64.Build.0 = Debug|Any CPU
		{29255028-D175-4029-92C4-BC4EDF4B8DC5}.Debug|x86.ActiveCfg = Debug|Any CPU
		{29255028-D175-4029-92C4-BC4EDF4B8DC5}.Debug|x86.Build.0 = Debug|Any CPU
		{29255028-D175-4029-92C4-BC4EDF4B8DC5}.Release|Any CPU.ActiveCfg = Release|Any CPU
		{29255028-D175-4029-92C4-BC4EDF4B8DC5}.Release|Any CPU.Build.0 = Release|Any CPU
		{29255028-D175-4029-92C4-BC4EDF4B8DC5}.Release|x64.ActiveCfg = Release|Any CPU
		{29255028-D175-4029-92C4-BC4EDF4B8DC5}.Release|x64.Build.0 = Release|Any CPU
		{29255028-D175-4029-92C4-BC4EDF4B8DC5}.Release|x86.ActiveCfg = Release|Any CPU
		{29255028-D175-4029-92C4-BC4EDF4B8DC5}.Release|x86.Build.0 = Release|Any CPU
		{7D69CEB8-9096-464D-99AB-F051062F0C3F}.Debug|Any CPU.ActiveCfg = Debug|Any CPU
		{7D69CEB8-9096-464D-99AB-F051062F0C3F}.Debug|Any CPU.Build.0 = Debug|Any CPU
		{7D69CEB8-9096-464D-99AB-F051062F0C3F}.Debug|x64.ActiveCfg = Debug|Any CPU
		{7D69CEB8-9096-464D-99AB-F051062F0C3F}.Debug|x64.Build.0 = Debug|Any CPU
		{7D69CEB8-9096-464D-99AB-F051062F0C3F}.Debug|x86.ActiveCfg = Debug|Any CPU
		{7D69CEB8-9096-464D-99AB-F051062F0C3F}.Debug|x86.Build.0 = Debug|Any CPU
		{7D69CEB8-9096-464D-99AB-F051062F0C3F}.Release|Any CPU.ActiveCfg = Release|Any CPU
		{7D69CEB8-9096-464D-99AB-F051062F0C3F}.Release|Any CPU.Build.0 = Release|Any CPU
		{7D69CEB8-9096-464D-99AB-F051062F0C3F}.Release|x64.ActiveCfg = Release|Any CPU
		{7D69CEB8-9096-464D-99AB-F051062F0C3F}.Release|x64.Build.0 = Release|Any CPU
		{7D69CEB8-9096-464D-99AB-F051062F0C3F}.Release|x86.ActiveCfg = Release|Any CPU
		{7D69CEB8-9096-464D-99AB-F051062F0C3F}.Release|x86.Build.0 = Release|Any CPU
		{5A7AAC1D-559B-490D-AC71-C25A7D25F4AF}.Debug|Any CPU.ActiveCfg = Debug|Any CPU
		{5A7AAC1D-559B-490D-AC71-C25A7D25F4AF}.Debug|Any CPU.Build.0 = Debug|Any CPU
		{5A7AAC1D-559B-490D-AC71-C25A7D25F4AF}.Debug|x64.ActiveCfg = Debug|Any CPU
		{5A7AAC1D-559B-490D-AC71-C25A7D25F4AF}.Debug|x64.Build.0 = Debug|Any CPU
		{5A7AAC1D-559B-490D-AC71-C25A7D25F4AF}.Debug|x86.ActiveCfg = Debug|Any CPU
		{5A7AAC1D-559B-490D-AC71-C25A7D25F4AF}.Debug|x86.Build.0 = Debug|Any CPU
		{5A7AAC1D-559B-490D-AC71-C25A7D25F4AF}.Release|Any CPU.ActiveCfg = Release|Any CPU
		{5A7AAC1D-559B-490D-AC71-C25A7D25F4AF}.Release|Any CPU.Build.0 = Release|Any CPU
		{5A7AAC1D-559B-490D-AC71-C25A7D25F4AF}.Release|x64.ActiveCfg = Release|Any CPU
		{5A7AAC1D-559B-490D-AC71-C25A7D25F4AF}.Release|x64.Build.0 = Release|Any CPU
		{5A7AAC1D-559B-490D-AC71-C25A7D25F4AF}.Release|x86.ActiveCfg = Release|Any CPU
		{5A7AAC1D-559B-490D-AC71-C25A7D25F4AF}.Release|x86.Build.0 = Release|Any CPU
		{902C5207-B89F-45CC-B8B2-15AA29202544}.Debug|Any CPU.ActiveCfg = Debug|Any CPU
		{902C5207-B89F-45CC-B8B2-15AA29202544}.Debug|Any CPU.Build.0 = Debug|Any CPU
		{902C5207-B89F-45CC-B8B2-15AA29202544}.Debug|x64.ActiveCfg = Debug|Any CPU
		{902C5207-B89F-45CC-B8B2-15AA29202544}.Debug|x64.Build.0 = Debug|Any CPU
		{902C5207-B89F-45CC-B8B2-15AA29202544}.Debug|x86.ActiveCfg = Debug|Any CPU
		{902C5207-B89F-45CC-B8B2-15AA29202544}.Debug|x86.Build.0 = Debug|Any CPU
		{902C5207-B89F-45CC-B8B2-15AA29202544}.Release|Any CPU.ActiveCfg = Release|Any CPU
		{902C5207-B89F-45CC-B8B2-15AA29202544}.Release|Any CPU.Build.0 = Release|Any CPU
		{902C5207-B89F-45CC-B8B2-15AA29202544}.Release|x64.ActiveCfg = Release|Any CPU
		{902C5207-B89F-45CC-B8B2-15AA29202544}.Release|x64.Build.0 = Release|Any CPU
		{902C5207-B89F-45CC-B8B2-15AA29202544}.Release|x86.ActiveCfg = Release|Any CPU
		{902C5207-B89F-45CC-B8B2-15AA29202544}.Release|x86.Build.0 = Release|Any CPU
		{FB27D33A-653F-464A-B785-9EFDCDB1315C}.Debug|Any CPU.ActiveCfg = Debug|Any CPU
		{FB27D33A-653F-464A-B785-9EFDCDB1315C}.Debug|Any CPU.Build.0 = Debug|Any CPU
		{FB27D33A-653F-464A-B785-9EFDCDB1315C}.Debug|x64.ActiveCfg = Debug|Any CPU
		{FB27D33A-653F-464A-B785-9EFDCDB1315C}.Debug|x64.Build.0 = Debug|Any CPU
		{FB27D33A-653F-464A-B785-9EFDCDB1315C}.Debug|x86.ActiveCfg = Debug|Any CPU
		{FB27D33A-653F-464A-B785-9EFDCDB1315C}.Debug|x86.Build.0 = Debug|Any CPU
		{FB27D33A-653F-464A-B785-9EFDCDB1315C}.Release|Any CPU.ActiveCfg = Release|Any CPU
		{FB27D33A-653F-464A-B785-9EFDCDB1315C}.Release|Any CPU.Build.0 = Release|Any CPU
		{FB27D33A-653F-464A-B785-9EFDCDB1315C}.Release|x64.ActiveCfg = Release|Any CPU
		{FB27D33A-653F-464A-B785-9EFDCDB1315C}.Release|x64.Build.0 = Release|Any CPU
		{FB27D33A-653F-464A-B785-9EFDCDB1315C}.Release|x86.ActiveCfg = Release|Any CPU
		{FB27D33A-653F-464A-B785-9EFDCDB1315C}.Release|x86.Build.0 = Release|Any CPU
		{3209755C-8D20-4DAA-B095-044516388F02}.Debug|Any CPU.ActiveCfg = Debug|Any CPU
		{3209755C-8D20-4DAA-B095-044516388F02}.Debug|Any CPU.Build.0 = Debug|Any CPU
		{3209755C-8D20-4DAA-B095-044516388F02}.Debug|x64.ActiveCfg = Debug|Any CPU
		{3209755C-8D20-4DAA-B095-044516388F02}.Debug|x64.Build.0 = Debug|Any CPU
		{3209755C-8D20-4DAA-B095-044516388F02}.Debug|x86.ActiveCfg = Debug|Any CPU
		{3209755C-8D20-4DAA-B095-044516388F02}.Debug|x86.Build.0 = Debug|Any CPU
		{3209755C-8D20-4DAA-B095-044516388F02}.Release|Any CPU.ActiveCfg = Release|Any CPU
		{3209755C-8D20-4DAA-B095-044516388F02}.Release|Any CPU.Build.0 = Release|Any CPU
		{3209755C-8D20-4DAA-B095-044516388F02}.Release|x64.ActiveCfg = Release|Any CPU
		{3209755C-8D20-4DAA-B095-044516388F02}.Release|x64.Build.0 = Release|Any CPU
		{3209755C-8D20-4DAA-B095-044516388F02}.Release|x86.ActiveCfg = Release|Any CPU
		{3209755C-8D20-4DAA-B095-044516388F02}.Release|x86.Build.0 = Release|Any CPU
		{E55F396D-9B9A-4DDA-8713-C831653D5304}.Debug|Any CPU.ActiveCfg = Debug|Any CPU
		{E55F396D-9B9A-4DDA-8713-C831653D5304}.Debug|Any CPU.Build.0 = Debug|Any CPU
		{E55F396D-9B9A-4DDA-8713-C831653D5304}.Debug|x64.ActiveCfg = Debug|Any CPU
		{E55F396D-9B9A-4DDA-8713-C831653D5304}.Debug|x64.Build.0 = Debug|Any CPU
		{E55F396D-9B9A-4DDA-8713-C831653D5304}.Debug|x86.ActiveCfg = Debug|Any CPU
		{E55F396D-9B9A-4DDA-8713-C831653D5304}.Debug|x86.Build.0 = Debug|Any CPU
		{E55F396D-9B9A-4DDA-8713-C831653D5304}.Release|Any CPU.ActiveCfg = Release|Any CPU
		{E55F396D-9B9A-4DDA-8713-C831653D5304}.Release|Any CPU.Build.0 = Release|Any CPU
		{E55F396D-9B9A-4DDA-8713-C831653D5304}.Release|x64.ActiveCfg = Release|Any CPU
		{E55F396D-9B9A-4DDA-8713-C831653D5304}.Release|x64.Build.0 = Release|Any CPU
		{E55F396D-9B9A-4DDA-8713-C831653D5304}.Release|x86.ActiveCfg = Release|Any CPU
		{E55F396D-9B9A-4DDA-8713-C831653D5304}.Release|x86.Build.0 = Release|Any CPU
	EndGlobalSection
	GlobalSection(SolutionProperties) = preSolution
		HideSolutionNode = FALSE
	EndGlobalSection
	GlobalSection(NestedProjects) = preSolution
		{984BB9B3-3FA3-BE33-9484-CAC21695A33C} = {827E0CD3-B72D-47B6-A68D-7590B98EB39B}
		{AC6D472A-AF3E-472D-A861-9D54E7CF4DEE} = {984BB9B3-3FA3-BE33-9484-CAC21695A33C}
		{778427DF-EB2C-5228-964E-6D535DE253CA} = {827E0CD3-B72D-47B6-A68D-7590B98EB39B}
		{6F3B22DD-F4A9-4E4C-B951-DA1348B61FFE} = {778427DF-EB2C-5228-964E-6D535DE253CA}
		{28A6993C-471E-82FE-7D9E-AD3B1EC22BD9} = {0AB3BF05-4346-4AA6-1389-037BE0695223}
		{13270888-1ED6-47C6-A467-A024FB72A3FB} = {28A6993C-471E-82FE-7D9E-AD3B1EC22BD9}
		{9D556B49-86D1-93A7-9596-FFAAB74EC556} = {0AB3BF05-4346-4AA6-1389-037BE0695223}
		{B01B631E-9BA0-4786-9DD9-D0D52D8E665C} = {9D556B49-86D1-93A7-9596-FFAAB74EC556}
		{5E7EC0AF-E837-5B7A-FB41-A4DCCA877D1F} = {827E0CD3-B72D-47B6-A68D-7590B98EB39B}
		{62888458-51FE-44DF-AE66-CABACC5AFD4B} = {5E7EC0AF-E837-5B7A-FB41-A4DCCA877D1F}
		{C8E42992-5E42-0C2B-DBFE-AA848D06431C} = {827E0CD3-B72D-47B6-A68D-7590B98EB39B}
		{372F8448-D996-44FF-8446-60CD1DAD2EF0} = {C8E42992-5E42-0C2B-DBFE-AA848D06431C}
		{0C9C8A4E-EEE6-486D-A5D9-CBA5A6744D11} = {5E7EC0AF-E837-5B7A-FB41-A4DCCA877D1F}
		{7147FC6C-8009-47ED-84A7-31318A9F1AC0} = {5E7EC0AF-E837-5B7A-FB41-A4DCCA877D1F}
		{C1A394D8-E41F-4E04-9E4C-02AE97A5B059} = {5E7EC0AF-E837-5B7A-FB41-A4DCCA877D1F}
		{53506FF3-1087-91DB-5731-19A6F3C92276} = {0AB3BF05-4346-4AA6-1389-037BE0695223}
		{3DF21DFB-CF03-431C-A3C4-8BA6B5E56BD1} = {53506FF3-1087-91DB-5731-19A6F3C92276}
		{EE104D91-C43E-4C30-BE36-04B755C41F62} = {9D556B49-86D1-93A7-9596-FFAAB74EC556}
		{7AD07D7A-4218-4E58-BCC5-6C59B03C6FEE} = {9D556B49-86D1-93A7-9596-FFAAB74EC556}
		{29255028-D175-4029-92C4-BC4EDF4B8DC5} = {5E7EC0AF-E837-5B7A-FB41-A4DCCA877D1F}
		{7D69CEB8-9096-464D-99AB-F051062F0C3F} = {9D556B49-86D1-93A7-9596-FFAAB74EC556}
		{5A7AAC1D-559B-490D-AC71-C25A7D25F4AF} = {984BB9B3-3FA3-BE33-9484-CAC21695A33C}
		{902C5207-B89F-45CC-B8B2-15AA29202544} = {5E7EC0AF-E837-5B7A-FB41-A4DCCA877D1F}
		{FB27D33A-653F-464A-B785-9EFDCDB1315C} = {9D556B49-86D1-93A7-9596-FFAAB74EC556}
		{3209755C-8D20-4DAA-B095-044516388F02} = {9D556B49-86D1-93A7-9596-FFAAB74EC556}
		{E55F396D-9B9A-4DDA-8713-C831653D5304} = {53506FF3-1087-91DB-5731-19A6F3C92276}
	EndGlobalSection
EndGlobal
